// !$*UTF8*$!
{
	archiveVersion = 1;
	classes = {
	};
	objectVersion = 46;
	objects = {

/* Begin PBXBuildFile section */
		0780ACF819CD230900AA65CC /* CoreLocation.framework in Frameworks */ = {isa = PBXBuildFile; fileRef = 0780ACF219CD230900AA65CC /* CoreLocation.framework */; };
		0780ACFA19CD230900AA65CC /* Foundation.framework in Frameworks */ = {isa = PBXBuildFile; fileRef = 0780ACF419CD230900AA65CC /* Foundation.framework */; };
		0780ACFB19CD230900AA65CC /* MapKit.framework in Frameworks */ = {isa = PBXBuildFile; fileRef = 0780ACF519CD230900AA65CC /* MapKit.framework */; };
		0780ACFC19CD230900AA65CC /* UIKit.framework in Frameworks */ = {isa = PBXBuildFile; fileRef = 0780ACF619CD230900AA65CC /* UIKit.framework */; };
		07ACD2901A54B31A00F14F46 /* compass.png in Resources */ = {isa = PBXBuildFile; fileRef = 07ACD28F1A54B31A00F14F46 /* compass.png */; };
		07D9287B19CD20F8002FF0A0 /* AppDelegate.swift in Sources */ = {isa = PBXBuildFile; fileRef = 07D9287A19CD20F8002FF0A0 /* AppDelegate.swift */; };
		07D9287D19CD20F8002FF0A0 /* DashboardViewController.swift in Sources */ = {isa = PBXBuildFile; fileRef = 07D9287C19CD20F8002FF0A0 /* DashboardViewController.swift */; };
		07D9288019CD20F8002FF0A0 /* Main.storyboard in Resources */ = {isa = PBXBuildFile; fileRef = 07D9287E19CD20F8002FF0A0 /* Main.storyboard */; };
		07D9288219CD20F8002FF0A0 /* Images.xcassets in Resources */ = {isa = PBXBuildFile; fileRef = 07D9288119CD20F8002FF0A0 /* Images.xcassets */; };
		07D9288E19CD20F8002FF0A0 /* ScreenOutTests.swift in Sources */ = {isa = PBXBuildFile; fileRef = 07D9288D19CD20F8002FF0A0 /* ScreenOutTests.swift */; };
		07DDC8AD1A54A4FA008D5EA1 /* SpeedometerView.swift in Sources */ = {isa = PBXBuildFile; fileRef = 07DDC8AC1A54A4FA008D5EA1 /* SpeedometerView.swift */; };
		07E8728519D525DA00FDE23D /* ScreenOutKitTests.swift in Sources */ = {isa = PBXBuildFile; fileRef = 07E8728419D525DA00FDE23D /* ScreenOutKitTests.swift */; };
		07F717A219D798A200F22E48 /* IntroViewController.swift in Sources */ = {isa = PBXBuildFile; fileRef = 07F717A119D798A200F22E48 /* IntroViewController.swift */; };
		07F717A519D7A7EE00F22E48 /* UserLocation.swift in Sources */ = {isa = PBXBuildFile; fileRef = 07F717A419D7A7EE00F22E48 /* UserLocation.swift */; };
		202F3DAD1D941DEB00EC9135 /* APIClient.swift in Sources */ = {isa = PBXBuildFile; fileRef = 202F3DAC1D941DEB00EC9135 /* APIClient.swift */; };
		206F2AEC1CB2A15200C23F25 /* MessageViewController.swift in Sources */ = {isa = PBXBuildFile; fileRef = 206F2AEB1CB2A15200C23F25 /* MessageViewController.swift */; };
		206F2AEF1CB2A41F00C23F25 /* MessageTableViewCell.swift in Sources */ = {isa = PBXBuildFile; fileRef = 206F2AEE1CB2A41F00C23F25 /* MessageTableViewCell.swift */; };
		206F2AF71CB2A89100C23F25 /* Info.plist in Resources */ = {isa = PBXBuildFile; fileRef = 206F2AF21CB2A89100C23F25 /* Info.plist */; };
		206F2AF81CB2A89100C23F25 /* MGSwipeButton.m in Sources */ = {isa = PBXBuildFile; fileRef = 206F2AF41CB2A89100C23F25 /* MGSwipeButton.m */; };
		206F2AF91CB2A89100C23F25 /* MGSwipeTableCell.m in Sources */ = {isa = PBXBuildFile; fileRef = 206F2AF61CB2A89100C23F25 /* MGSwipeTableCell.m */; };
		206F2AFC1CB2B77000C23F25 /* SystemConfiguration.framework in Frameworks */ = {isa = PBXBuildFile; fileRef = 206F2AFB1CB2B77000C23F25 /* SystemConfiguration.framework */; };
		206F2B201CB2B7CF00C23F25 /* active_screenout.png in Resources */ = {isa = PBXBuildFile; fileRef = 206F2B1E1CB2B7CF00C23F25 /* active_screenout.png */; };
		206F2B211CB2B7CF00C23F25 /* non_active_screenout.png in Resources */ = {isa = PBXBuildFile; fileRef = 206F2B1F1CB2B7CF00C23F25 /* non_active_screenout.png */; };
		206F2B291CB2BC4300C23F25 /* Constant.swift in Sources */ = {isa = PBXBuildFile; fileRef = 206F2B281CB2BC4300C23F25 /* Constant.swift */; };
		206F2B2D1CB3E9E300C23F25 /* MBProgressHUD.m in Sources */ = {isa = PBXBuildFile; fileRef = 206F2B2C1CB3E9E300C23F25 /* MBProgressHUD.m */; };
		209190921CAAFAF400FD33D8 /* Airship in Resources */ = {isa = PBXBuildFile; fileRef = 209190901CAAFAF400FD33D8 /* Airship */; };
		209190931CAAFAF400FD33D8 /* AirshipKit in Resources */ = {isa = PBXBuildFile; fileRef = 209190911CAAFAF400FD33D8 /* AirshipKit */; };
		2091909C1CAAFB8300FD33D8 /* AirshipConfig.plist in Resources */ = {isa = PBXBuildFile; fileRef = 2091909B1CAAFB8300FD33D8 /* AirshipConfig.plist */; };
		2091909D1CAAFCCF00FD33D8 /* AirshipKit.framework in Frameworks */ = {isa = PBXBuildFile; fileRef = 209190991CAAFB2200FD33D8 /* AirshipKit.framework */; };
		2091909E1CAAFE7700FD33D8 /* AirshipKit.framework in Frameworks */ = {isa = PBXBuildFile; fileRef = 209190991CAAFB2200FD33D8 /* AirshipKit.framework */; };
		2091909F1CAB015200FD33D8 /* AirshipKit.framework in Frameworks */ = {isa = PBXBuildFile; fileRef = 209190991CAAFB2200FD33D8 /* AirshipKit.framework */; };
		209190A01CAB015200FD33D8 /* AirshipKit.framework in Embed Frameworks */ = {isa = PBXBuildFile; fileRef = 209190991CAAFB2200FD33D8 /* AirshipKit.framework */; settings = {ATTRIBUTES = (CodeSignOnCopy, RemoveHeadersOnCopy, ); }; };
		841B0BE61A41DC48008274B6 /* FeedbackViewController.swift in Sources */ = {isa = PBXBuildFile; fileRef = 841B0BE51A41DC48008274B6 /* FeedbackViewController.swift */; };
/* End PBXBuildFile section */

/* Begin PBXContainerItemProxy section */
		07D9288819CD20F8002FF0A0 /* PBXContainerItemProxy */ = {
			isa = PBXContainerItemProxy;
			containerPortal = 07D9286D19CD20F8002FF0A0 /* Project object */;
			proxyType = 1;
			remoteGlobalIDString = 07D9287419CD20F8002FF0A0;
			remoteInfo = ScreenOut;
		};
		07E8727F19D525DA00FDE23D /* PBXContainerItemProxy */ = {
			isa = PBXContainerItemProxy;
			containerPortal = 07D9286D19CD20F8002FF0A0 /* Project object */;
			proxyType = 1;
			remoteGlobalIDString = 07D9287419CD20F8002FF0A0;
			remoteInfo = ScreenOut;
		};
		209190981CAAFB2200FD33D8 /* PBXContainerItemProxy */ = {
			isa = PBXContainerItemProxy;
			containerPortal = 209190941CAAFB2200FD33D8 /* AirshipKit.xcodeproj */;
			proxyType = 2;
			remoteGlobalIDString = 494DD9571B0EB677009C134E;
			remoteInfo = AirshipKit;
		};
		209190A11CAB015200FD33D8 /* PBXContainerItemProxy */ = {
			isa = PBXContainerItemProxy;
			containerPortal = 209190941CAAFB2200FD33D8 /* AirshipKit.xcodeproj */;
			proxyType = 1;
			remoteGlobalIDString = 494DD9561B0EB677009C134E;
			remoteInfo = AirshipKit;
		};
/* End PBXContainerItemProxy section */

/* Begin PBXCopyFilesBuildPhase section */
		209190A31CAB015300FD33D8 /* Embed Frameworks */ = {
			isa = PBXCopyFilesBuildPhase;
			buildActionMask = 2147483647;
			dstPath = "";
			dstSubfolderSpec = 10;
			files = (
				209190A01CAB015200FD33D8 /* AirshipKit.framework in Embed Frameworks */,
			);
			name = "Embed Frameworks";
			runOnlyForDeploymentPostprocessing = 0;
		};
/* End PBXCopyFilesBuildPhase section */

/* Begin PBXFileReference section */
		0780ACF219CD230900AA65CC /* CoreLocation.framework */ = {isa = PBXFileReference; lastKnownFileType = wrapper.framework; name = CoreLocation.framework; path = System/Library/Frameworks/CoreLocation.framework; sourceTree = SDKROOT; };
		0780ACF419CD230900AA65CC /* Foundation.framework */ = {isa = PBXFileReference; lastKnownFileType = wrapper.framework; name = Foundation.framework; path = System/Library/Frameworks/Foundation.framework; sourceTree = SDKROOT; };
		0780ACF519CD230900AA65CC /* MapKit.framework */ = {isa = PBXFileReference; lastKnownFileType = wrapper.framework; name = MapKit.framework; path = System/Library/Frameworks/MapKit.framework; sourceTree = SDKROOT; };
		0780ACF619CD230900AA65CC /* UIKit.framework */ = {isa = PBXFileReference; lastKnownFileType = wrapper.framework; name = UIKit.framework; path = System/Library/Frameworks/UIKit.framework; sourceTree = SDKROOT; };
		07ACD28F1A54B31A00F14F46 /* compass.png */ = {isa = PBXFileReference; lastKnownFileType = image.png; path = compass.png; sourceTree = "<group>"; };
		07D9287519CD20F8002FF0A0 /* ScreenOut.app */ = {isa = PBXFileReference; explicitFileType = wrapper.application; includeInIndex = 0; path = ScreenOut.app; sourceTree = BUILT_PRODUCTS_DIR; };
		07D9287919CD20F8002FF0A0 /* Info.plist */ = {isa = PBXFileReference; lastKnownFileType = text.plist.xml; path = Info.plist; sourceTree = "<group>"; };
		07D9287A19CD20F8002FF0A0 /* AppDelegate.swift */ = {isa = PBXFileReference; lastKnownFileType = sourcecode.swift; path = AppDelegate.swift; sourceTree = "<group>"; };
		07D9287C19CD20F8002FF0A0 /* DashboardViewController.swift */ = {isa = PBXFileReference; lastKnownFileType = sourcecode.swift; path = DashboardViewController.swift; sourceTree = "<group>"; };
		07D9287F19CD20F8002FF0A0 /* Base */ = {isa = PBXFileReference; lastKnownFileType = file.storyboard; name = Base; path = Base.lproj/Main.storyboard; sourceTree = "<group>"; };
		07D9288119CD20F8002FF0A0 /* Images.xcassets */ = {isa = PBXFileReference; lastKnownFileType = folder.assetcatalog; path = Images.xcassets; sourceTree = "<group>"; };
		07D9288719CD20F8002FF0A0 /* ScreenOutTests.xctest */ = {isa = PBXFileReference; explicitFileType = wrapper.cfbundle; includeInIndex = 0; path = ScreenOutTests.xctest; sourceTree = BUILT_PRODUCTS_DIR; };
		07D9288C19CD20F8002FF0A0 /* Info.plist */ = {isa = PBXFileReference; lastKnownFileType = text.plist.xml; path = Info.plist; sourceTree = "<group>"; };
		07D9288D19CD20F8002FF0A0 /* ScreenOutTests.swift */ = {isa = PBXFileReference; lastKnownFileType = sourcecode.swift; path = ScreenOutTests.swift; sourceTree = "<group>"; };
		07DDC8AC1A54A4FA008D5EA1 /* SpeedometerView.swift */ = {isa = PBXFileReference; fileEncoding = 4; lastKnownFileType = sourcecode.swift; path = SpeedometerView.swift; sourceTree = "<group>"; };
		07E8727419D525D900FDE23D /* ScreenOutKit.framework */ = {isa = PBXFileReference; explicitFileType = wrapper.framework; includeInIndex = 0; path = ScreenOutKit.framework; sourceTree = BUILT_PRODUCTS_DIR; };
		07E8727E19D525D900FDE23D /* ScreenOutKitTests.xctest */ = {isa = PBXFileReference; explicitFileType = wrapper.cfbundle; includeInIndex = 0; path = ScreenOutKitTests.xctest; sourceTree = BUILT_PRODUCTS_DIR; };
		07E8728319D525DA00FDE23D /* Info.plist */ = {isa = PBXFileReference; lastKnownFileType = text.plist.xml; path = Info.plist; sourceTree = "<group>"; };
		07E8728419D525DA00FDE23D /* ScreenOutKitTests.swift */ = {isa = PBXFileReference; lastKnownFileType = sourcecode.swift; path = ScreenOutKitTests.swift; sourceTree = "<group>"; };
		07F717A119D798A200F22E48 /* IntroViewController.swift */ = {isa = PBXFileReference; fileEncoding = 4; lastKnownFileType = sourcecode.swift; path = IntroViewController.swift; sourceTree = "<group>"; };
		07F717A419D7A7EE00F22E48 /* UserLocation.swift */ = {isa = PBXFileReference; fileEncoding = 4; lastKnownFileType = sourcecode.swift; path = UserLocation.swift; sourceTree = "<group>"; };
		202F3DAC1D941DEB00EC9135 /* APIClient.swift */ = {isa = PBXFileReference; fileEncoding = 4; lastKnownFileType = sourcecode.swift; path = APIClient.swift; sourceTree = "<group>"; };
		206F2AEB1CB2A15200C23F25 /* MessageViewController.swift */ = {isa = PBXFileReference; fileEncoding = 4; lastKnownFileType = sourcecode.swift; path = MessageViewController.swift; sourceTree = "<group>"; };
		206F2AEE1CB2A41F00C23F25 /* MessageTableViewCell.swift */ = {isa = PBXFileReference; fileEncoding = 4; lastKnownFileType = sourcecode.swift; path = MessageTableViewCell.swift; sourceTree = "<group>"; };
		206F2AF21CB2A89100C23F25 /* Info.plist */ = {isa = PBXFileReference; fileEncoding = 4; lastKnownFileType = text.plist.xml; path = Info.plist; sourceTree = "<group>"; };
		206F2AF31CB2A89100C23F25 /* MGSwipeButton.h */ = {isa = PBXFileReference; fileEncoding = 4; lastKnownFileType = sourcecode.c.h; path = MGSwipeButton.h; sourceTree = "<group>"; };
		206F2AF41CB2A89100C23F25 /* MGSwipeButton.m */ = {isa = PBXFileReference; fileEncoding = 4; lastKnownFileType = sourcecode.c.objc; path = MGSwipeButton.m; sourceTree = "<group>"; };
		206F2AF51CB2A89100C23F25 /* MGSwipeTableCell.h */ = {isa = PBXFileReference; fileEncoding = 4; lastKnownFileType = sourcecode.c.h; path = MGSwipeTableCell.h; sourceTree = "<group>"; };
		206F2AF61CB2A89100C23F25 /* MGSwipeTableCell.m */ = {isa = PBXFileReference; fileEncoding = 4; lastKnownFileType = sourcecode.c.objc; path = MGSwipeTableCell.m; sourceTree = "<group>"; };
		206F2AFA1CB2A9C500C23F25 /* Screenout-Bridging-Header.h */ = {isa = PBXFileReference; fileEncoding = 4; lastKnownFileType = sourcecode.c.h; path = "Screenout-Bridging-Header.h"; sourceTree = "<group>"; };
		206F2AFB1CB2B77000C23F25 /* SystemConfiguration.framework */ = {isa = PBXFileReference; lastKnownFileType = wrapper.framework; name = SystemConfiguration.framework; path = System/Library/Frameworks/SystemConfiguration.framework; sourceTree = SDKROOT; };
		206F2B1E1CB2B7CF00C23F25 /* active_screenout.png */ = {isa = PBXFileReference; lastKnownFileType = image.png; path = active_screenout.png; sourceTree = "<group>"; };
		206F2B1F1CB2B7CF00C23F25 /* non_active_screenout.png */ = {isa = PBXFileReference; lastKnownFileType = image.png; path = non_active_screenout.png; sourceTree = "<group>"; };
		206F2B281CB2BC4300C23F25 /* Constant.swift */ = {isa = PBXFileReference; fileEncoding = 4; lastKnownFileType = sourcecode.swift; path = Constant.swift; sourceTree = "<group>"; };
		206F2B2B1CB3E9E300C23F25 /* MBProgressHUD.h */ = {isa = PBXFileReference; fileEncoding = 4; lastKnownFileType = sourcecode.c.h; path = MBProgressHUD.h; sourceTree = "<group>"; };
		206F2B2C1CB3E9E300C23F25 /* MBProgressHUD.m */ = {isa = PBXFileReference; fileEncoding = 4; lastKnownFileType = sourcecode.c.objc; path = MBProgressHUD.m; sourceTree = "<group>"; };
		209190901CAAFAF400FD33D8 /* Airship */ = {isa = PBXFileReference; lastKnownFileType = folder; path = Airship; sourceTree = "<group>"; };
		209190911CAAFAF400FD33D8 /* AirshipKit */ = {isa = PBXFileReference; lastKnownFileType = folder; path = AirshipKit; sourceTree = "<group>"; };
		209190941CAAFB2200FD33D8 /* AirshipKit.xcodeproj */ = {isa = PBXFileReference; lastKnownFileType = "wrapper.pb-project"; name = AirshipKit.xcodeproj; path = AirshipKit/AirshipKit.xcodeproj; sourceTree = "<group>"; };
		2091909B1CAAFB8300FD33D8 /* AirshipConfig.plist */ = {isa = PBXFileReference; fileEncoding = 4; lastKnownFileType = text.plist.xml; path = AirshipConfig.plist; sourceTree = "<group>"; };
		841B0BE51A41DC48008274B6 /* FeedbackViewController.swift */ = {isa = PBXFileReference; fileEncoding = 4; lastKnownFileType = sourcecode.swift; path = FeedbackViewController.swift; sourceTree = "<group>"; };
/* End PBXFileReference section */

/* Begin PBXFrameworksBuildPhase section */
		07D9287219CD20F8002FF0A0 /* Frameworks */ = {
			isa = PBXFrameworksBuildPhase;
			buildActionMask = 2147483647;
			files = (
				206F2AFC1CB2B77000C23F25 /* SystemConfiguration.framework in Frameworks */,
				2091909D1CAAFCCF00FD33D8 /* AirshipKit.framework in Frameworks */,
				0780ACF819CD230900AA65CC /* CoreLocation.framework in Frameworks */,
				2091909F1CAB015200FD33D8 /* AirshipKit.framework in Frameworks */,
				0780ACFA19CD230900AA65CC /* Foundation.framework in Frameworks */,
				0780ACFB19CD230900AA65CC /* MapKit.framework in Frameworks */,
				0780ACFC19CD230900AA65CC /* UIKit.framework in Frameworks */,
			);
			runOnlyForDeploymentPostprocessing = 0;
		};
		07D9288419CD20F8002FF0A0 /* Frameworks */ = {
			isa = PBXFrameworksBuildPhase;
			buildActionMask = 2147483647;
			files = (
			);
			runOnlyForDeploymentPostprocessing = 0;
		};
		07E8727019D525D900FDE23D /* Frameworks */ = {
			isa = PBXFrameworksBuildPhase;
			buildActionMask = 2147483647;
			files = (
				2091909E1CAAFE7700FD33D8 /* AirshipKit.framework in Frameworks */,
			);
			runOnlyForDeploymentPostprocessing = 0;
		};
		07E8727B19D525D900FDE23D /* Frameworks */ = {
			isa = PBXFrameworksBuildPhase;
			buildActionMask = 2147483647;
			files = (
			);
			runOnlyForDeploymentPostprocessing = 0;
		};
/* End PBXFrameworksBuildPhase section */

/* Begin PBXGroup section */
		0780ACFD19CD231700AA65CC /* Frameworks */ = {
			isa = PBXGroup;
			children = (
				206F2AFB1CB2B77000C23F25 /* SystemConfiguration.framework */,
				0780ACF219CD230900AA65CC /* CoreLocation.framework */,
				0780ACF419CD230900AA65CC /* Foundation.framework */,
				0780ACF519CD230900AA65CC /* MapKit.framework */,
				0780ACF619CD230900AA65CC /* UIKit.framework */,
			);
			name = Frameworks;
			path = ScreenOut;
			sourceTree = "<group>";
		};
		07D9286C19CD20F8002FF0A0 = {
			isa = PBXGroup;
			children = (
				2091909B1CAAFB8300FD33D8 /* AirshipConfig.plist */,
				209190941CAAFB2200FD33D8 /* AirshipKit.xcodeproj */,
				209190901CAAFAF400FD33D8 /* Airship */,
				209190911CAAFAF400FD33D8 /* AirshipKit */,
				07ACD28F1A54B31A00F14F46 /* compass.png */,
				07D9287719CD20F8002FF0A0 /* ScreenOut */,
				07E8728119D525DA00FDE23D /* ScreenOutKitTests */,
				0780ACFD19CD231700AA65CC /* Frameworks */,
				07D9288A19CD20F8002FF0A0 /* ScreenOutTests */,
				07D9287619CD20F8002FF0A0 /* Products */,
			);
			sourceTree = "<group>";
		};
		07D9287619CD20F8002FF0A0 /* Products */ = {
			isa = PBXGroup;
			children = (
				07D9287519CD20F8002FF0A0 /* ScreenOut.app */,
				07D9288719CD20F8002FF0A0 /* ScreenOutTests.xctest */,
				07E8727419D525D900FDE23D /* ScreenOutKit.framework */,
				07E8727E19D525D900FDE23D /* ScreenOutKitTests.xctest */,
			);
			name = Products;
			sourceTree = "<group>";
		};
		07D9287719CD20F8002FF0A0 /* ScreenOut */ = {
			isa = PBXGroup;
			children = (
				202F3DAB1D941DE400EC9135 /* Network */,
				206F2B271CB2BC2000C23F25 /* Utility */,
				206F2AF01CB2A89100C23F25 /* Library */,
				206F2AED1CB2A40300C23F25 /* View */,
				07F717A319D7A7BA00F22E48 /* Location */,
				07D9287A19CD20F8002FF0A0 /* AppDelegate.swift */,
				07F717A119D798A200F22E48 /* IntroViewController.swift */,
				07D9287C19CD20F8002FF0A0 /* DashboardViewController.swift */,
				841B0BE51A41DC48008274B6 /* FeedbackViewController.swift */,
				07DDC8AC1A54A4FA008D5EA1 /* SpeedometerView.swift */,
				206F2AEB1CB2A15200C23F25 /* MessageViewController.swift */,
				07D9287E19CD20F8002FF0A0 /* Main.storyboard */,
				07D9288119CD20F8002FF0A0 /* Images.xcassets */,
				206F2B1D1CB2B7CF00C23F25 /* Resource */,
				07D9287819CD20F8002FF0A0 /* Supporting Files */,
				206F2AFA1CB2A9C500C23F25 /* Screenout-Bridging-Header.h */,
			);
			path = ScreenOut;
			sourceTree = "<group>";
		};
		07D9287819CD20F8002FF0A0 /* Supporting Files */ = {
			isa = PBXGroup;
			children = (
				07D9287919CD20F8002FF0A0 /* Info.plist */,
			);
			name = "Supporting Files";
			sourceTree = "<group>";
		};
		07D9288A19CD20F8002FF0A0 /* ScreenOutTests */ = {
			isa = PBXGroup;
			children = (
				07D9288D19CD20F8002FF0A0 /* ScreenOutTests.swift */,
				07D9288B19CD20F8002FF0A0 /* Supporting Files */,
			);
			path = ScreenOutTests;
			sourceTree = "<group>";
		};
		07D9288B19CD20F8002FF0A0 /* Supporting Files */ = {
			isa = PBXGroup;
			children = (
				07D9288C19CD20F8002FF0A0 /* Info.plist */,
			);
			name = "Supporting Files";
			sourceTree = "<group>";
		};
		07E8728119D525DA00FDE23D /* ScreenOutKitTests */ = {
			isa = PBXGroup;
			children = (
				07E8728419D525DA00FDE23D /* ScreenOutKitTests.swift */,
				07E8728219D525DA00FDE23D /* Supporting Files */,
			);
			path = ScreenOutKitTests;
			sourceTree = "<group>";
		};
		07E8728219D525DA00FDE23D /* Supporting Files */ = {
			isa = PBXGroup;
			children = (
				07E8728319D525DA00FDE23D /* Info.plist */,
			);
			name = "Supporting Files";
			sourceTree = "<group>";
		};
		07F717A319D7A7BA00F22E48 /* Location */ = {
			isa = PBXGroup;
			children = (
				07F717A419D7A7EE00F22E48 /* UserLocation.swift */,
			);
			name = Location;
			sourceTree = "<group>";
		};
		202F3DAB1D941DE400EC9135 /* Network */ = {
			isa = PBXGroup;
			children = (
				202F3DAC1D941DEB00EC9135 /* APIClient.swift */,
			);
			path = Network;
			sourceTree = "<group>";
		};
		206F2AED1CB2A40300C23F25 /* View */ = {
			isa = PBXGroup;
			children = (
				206F2AEE1CB2A41F00C23F25 /* MessageTableViewCell.swift */,
			);
			path = View;
			sourceTree = "<group>";
		};
		206F2AF01CB2A89100C23F25 /* Library */ = {
			isa = PBXGroup;
			children = (
				206F2B2A1CB3E9E300C23F25 /* MBProgressHUD */,
				206F2AF11CB2A89100C23F25 /* MGSwipeTableCell */,
			);
			path = Library;
			sourceTree = "<group>";
		};
		206F2AF11CB2A89100C23F25 /* MGSwipeTableCell */ = {
			isa = PBXGroup;
			children = (
				206F2AF21CB2A89100C23F25 /* Info.plist */,
				206F2AF31CB2A89100C23F25 /* MGSwipeButton.h */,
				206F2AF41CB2A89100C23F25 /* MGSwipeButton.m */,
				206F2AF51CB2A89100C23F25 /* MGSwipeTableCell.h */,
				206F2AF61CB2A89100C23F25 /* MGSwipeTableCell.m */,
			);
			path = MGSwipeTableCell;
			sourceTree = "<group>";
		};
		206F2B1D1CB2B7CF00C23F25 /* Resource */ = {
			isa = PBXGroup;
			children = (
				206F2B1E1CB2B7CF00C23F25 /* active_screenout.png */,
				206F2B1F1CB2B7CF00C23F25 /* non_active_screenout.png */,
			);
			path = Resource;
			sourceTree = "<group>";
		};
		206F2B271CB2BC2000C23F25 /* Utility */ = {
			isa = PBXGroup;
			children = (
				206F2B281CB2BC4300C23F25 /* Constant.swift */,
			);
			path = Utility;
			sourceTree = "<group>";
		};
		206F2B2A1CB3E9E300C23F25 /* MBProgressHUD */ = {
			isa = PBXGroup;
			children = (
				206F2B2B1CB3E9E300C23F25 /* MBProgressHUD.h */,
				206F2B2C1CB3E9E300C23F25 /* MBProgressHUD.m */,
			);
			path = MBProgressHUD;
			sourceTree = "<group>";
		};
		209190951CAAFB2200FD33D8 /* Products */ = {
			isa = PBXGroup;
			children = (
				209190991CAAFB2200FD33D8 /* AirshipKit.framework */,
			);
			name = Products;
			sourceTree = "<group>";
		};
/* End PBXGroup section */

/* Begin PBXHeadersBuildPhase section */
		07E8727119D525D900FDE23D /* Headers */ = {
			isa = PBXHeadersBuildPhase;
			buildActionMask = 2147483647;
			files = (
			);
			runOnlyForDeploymentPostprocessing = 0;
		};
/* End PBXHeadersBuildPhase section */

/* Begin PBXNativeTarget section */
		07D9287419CD20F8002FF0A0 /* ScreenOut */ = {
			isa = PBXNativeTarget;
			buildConfigurationList = 07D9289119CD20F8002FF0A0 /* Build configuration list for PBXNativeTarget "ScreenOut" */;
			buildPhases = (
				07D9287119CD20F8002FF0A0 /* Sources */,
				07D9287219CD20F8002FF0A0 /* Frameworks */,
				07D9287319CD20F8002FF0A0 /* Resources */,
				209190A31CAB015300FD33D8 /* Embed Frameworks */,
			);
			buildRules = (
			);
			dependencies = (
				209190A21CAB015200FD33D8 /* PBXTargetDependency */,
			);
			name = ScreenOut;
			productName = ScreenOut;
			productReference = 07D9287519CD20F8002FF0A0 /* ScreenOut.app */;
			productType = "com.apple.product-type.application";
		};
		07D9288619CD20F8002FF0A0 /* ScreenOutTests */ = {
			isa = PBXNativeTarget;
			buildConfigurationList = 07D9289419CD20F8002FF0A0 /* Build configuration list for PBXNativeTarget "ScreenOutTests" */;
			buildPhases = (
				07D9288319CD20F8002FF0A0 /* Sources */,
				07D9288419CD20F8002FF0A0 /* Frameworks */,
				07D9288519CD20F8002FF0A0 /* Resources */,
			);
			buildRules = (
			);
			dependencies = (
				07D9288919CD20F8002FF0A0 /* PBXTargetDependency */,
			);
			name = ScreenOutTests;
			productName = ScreenOutTests;
			productReference = 07D9288719CD20F8002FF0A0 /* ScreenOutTests.xctest */;
			productType = "com.apple.product-type.bundle.unit-test";
		};
		07E8727319D525D900FDE23D /* ScreenOutKit */ = {
			isa = PBXNativeTarget;
			buildConfigurationList = 07E8728C19D525DA00FDE23D /* Build configuration list for PBXNativeTarget "ScreenOutKit" */;
			buildPhases = (
				07E8726F19D525D900FDE23D /* Sources */,
				07E8727019D525D900FDE23D /* Frameworks */,
				07E8727119D525D900FDE23D /* Headers */,
				07E8727219D525D900FDE23D /* Resources */,
			);
			buildRules = (
			);
			dependencies = (
			);
			name = ScreenOutKit;
			productName = ScreenOutKit;
			productReference = 07E8727419D525D900FDE23D /* ScreenOutKit.framework */;
			productType = "com.apple.product-type.framework";
		};
		07E8727D19D525D900FDE23D /* ScreenOutKitTests */ = {
			isa = PBXNativeTarget;
			buildConfigurationList = 07E8728F19D525DA00FDE23D /* Build configuration list for PBXNativeTarget "ScreenOutKitTests" */;
			buildPhases = (
				07E8727A19D525D900FDE23D /* Sources */,
				07E8727B19D525D900FDE23D /* Frameworks */,
				07E8727C19D525D900FDE23D /* Resources */,
			);
			buildRules = (
			);
			dependencies = (
				07E8728019D525DA00FDE23D /* PBXTargetDependency */,
			);
			name = ScreenOutKitTests;
			productName = ScreenOutKitTests;
			productReference = 07E8727E19D525D900FDE23D /* ScreenOutKitTests.xctest */;
			productType = "com.apple.product-type.bundle.unit-test";
		};
/* End PBXNativeTarget section */

/* Begin PBXProject section */
		07D9286D19CD20F8002FF0A0 /* Project object */ = {
			isa = PBXProject;
			attributes = {
				LastSwiftMigration = 0720;
				LastSwiftUpdateCheck = 0720;
				LastUpgradeCheck = 0600;
				ORGANIZATIONNAME = "Eric Rohlman";
				TargetAttributes = {
					07D9287419CD20F8002FF0A0 = {
						CreatedOnToolsVersion = 6.0;
						DevelopmentTeam = 44F59823Z6;
						SystemCapabilities = {
							com.apple.BackgroundModes = {
								enabled = 1;
							};
						};
					};
					07D9288619CD20F8002FF0A0 = {
						CreatedOnToolsVersion = 6.0;
						TestTargetID = 07D9287419CD20F8002FF0A0;
					};
					07E8727319D525D900FDE23D = {
						CreatedOnToolsVersion = 6.0.1;
						DevelopmentTeam = CAQHZ3LA43;
					};
					07E8727D19D525D900FDE23D = {
						CreatedOnToolsVersion = 6.0.1;
						TestTargetID = 07D9287419CD20F8002FF0A0;
					};
				};
			};
			buildConfigurationList = 07D9287019CD20F8002FF0A0 /* Build configuration list for PBXProject "ScreenOut" */;
			compatibilityVersion = "Xcode 3.2";
			developmentRegion = English;
			hasScannedForEncodings = 0;
			knownRegions = (
				en,
				Base,
			);
			mainGroup = 07D9286C19CD20F8002FF0A0;
			productRefGroup = 07D9287619CD20F8002FF0A0 /* Products */;
			projectDirPath = "";
			projectReferences = (
				{
					ProductGroup = 209190951CAAFB2200FD33D8 /* Products */;
					ProjectRef = 209190941CAAFB2200FD33D8 /* AirshipKit.xcodeproj */;
				},
			);
			projectRoot = "";
			targets = (
				07D9287419CD20F8002FF0A0 /* ScreenOut */,
				07D9288619CD20F8002FF0A0 /* ScreenOutTests */,
				07E8727319D525D900FDE23D /* ScreenOutKit */,
				07E8727D19D525D900FDE23D /* ScreenOutKitTests */,
			);
		};
/* End PBXProject section */

/* Begin PBXReferenceProxy section */
		209190991CAAFB2200FD33D8 /* AirshipKit.framework */ = {
			isa = PBXReferenceProxy;
			fileType = wrapper.framework;
			path = AirshipKit.framework;
			remoteRef = 209190981CAAFB2200FD33D8 /* PBXContainerItemProxy */;
			sourceTree = BUILT_PRODUCTS_DIR;
		};
/* End PBXReferenceProxy section */

/* Begin PBXResourcesBuildPhase section */
		07D9287319CD20F8002FF0A0 /* Resources */ = {
			isa = PBXResourcesBuildPhase;
			buildActionMask = 2147483647;
			files = (
				07D9288019CD20F8002FF0A0 /* Main.storyboard in Resources */,
				206F2AF71CB2A89100C23F25 /* Info.plist in Resources */,
				2091909C1CAAFB8300FD33D8 /* AirshipConfig.plist in Resources */,
				209190921CAAFAF400FD33D8 /* Airship in Resources */,
				206F2B211CB2B7CF00C23F25 /* non_active_screenout.png in Resources */,
				07ACD2901A54B31A00F14F46 /* compass.png in Resources */,
				206F2B201CB2B7CF00C23F25 /* active_screenout.png in Resources */,
				209190931CAAFAF400FD33D8 /* AirshipKit in Resources */,
				07D9288219CD20F8002FF0A0 /* Images.xcassets in Resources */,
			);
			runOnlyForDeploymentPostprocessing = 0;
		};
		07D9288519CD20F8002FF0A0 /* Resources */ = {
			isa = PBXResourcesBuildPhase;
			buildActionMask = 2147483647;
			files = (
			);
			runOnlyForDeploymentPostprocessing = 0;
		};
		07E8727219D525D900FDE23D /* Resources */ = {
			isa = PBXResourcesBuildPhase;
			buildActionMask = 2147483647;
			files = (
			);
			runOnlyForDeploymentPostprocessing = 0;
		};
		07E8727C19D525D900FDE23D /* Resources */ = {
			isa = PBXResourcesBuildPhase;
			buildActionMask = 2147483647;
			files = (
			);
			runOnlyForDeploymentPostprocessing = 0;
		};
/* End PBXResourcesBuildPhase section */

/* Begin PBXSourcesBuildPhase section */
		07D9287119CD20F8002FF0A0 /* Sources */ = {
			isa = PBXSourcesBuildPhase;
			buildActionMask = 2147483647;
			files = (
				07D9287D19CD20F8002FF0A0 /* DashboardViewController.swift in Sources */,
				07D9287B19CD20F8002FF0A0 /* AppDelegate.swift in Sources */,
				07DDC8AD1A54A4FA008D5EA1 /* SpeedometerView.swift in Sources */,
				206F2AF81CB2A89100C23F25 /* MGSwipeButton.m in Sources */,
				07F717A219D798A200F22E48 /* IntroViewController.swift in Sources */,
				841B0BE61A41DC48008274B6 /* FeedbackViewController.swift in Sources */,
				206F2AEF1CB2A41F00C23F25 /* MessageTableViewCell.swift in Sources */,
				206F2B2D1CB3E9E300C23F25 /* MBProgressHUD.m in Sources */,
				07F717A519D7A7EE00F22E48 /* UserLocation.swift in Sources */,
				202F3DAD1D941DEB00EC9135 /* APIClient.swift in Sources */,
				206F2AEC1CB2A15200C23F25 /* MessageViewController.swift in Sources */,
				206F2AF91CB2A89100C23F25 /* MGSwipeTableCell.m in Sources */,
				206F2B291CB2BC4300C23F25 /* Constant.swift in Sources */,
			);
			runOnlyForDeploymentPostprocessing = 0;
		};
		07D9288319CD20F8002FF0A0 /* Sources */ = {
			isa = PBXSourcesBuildPhase;
			buildActionMask = 2147483647;
			files = (
				07D9288E19CD20F8002FF0A0 /* ScreenOutTests.swift in Sources */,
			);
			runOnlyForDeploymentPostprocessing = 0;
		};
		07E8726F19D525D900FDE23D /* Sources */ = {
			isa = PBXSourcesBuildPhase;
			buildActionMask = 2147483647;
			files = (
			);
			runOnlyForDeploymentPostprocessing = 0;
		};
		07E8727A19D525D900FDE23D /* Sources */ = {
			isa = PBXSourcesBuildPhase;
			buildActionMask = 2147483647;
			files = (
				07E8728519D525DA00FDE23D /* ScreenOutKitTests.swift in Sources */,
			);
			runOnlyForDeploymentPostprocessing = 0;
		};
/* End PBXSourcesBuildPhase section */

/* Begin PBXTargetDependency section */
		07D9288919CD20F8002FF0A0 /* PBXTargetDependency */ = {
			isa = PBXTargetDependency;
			target = 07D9287419CD20F8002FF0A0 /* ScreenOut */;
			targetProxy = 07D9288819CD20F8002FF0A0 /* PBXContainerItemProxy */;
		};
		07E8728019D525DA00FDE23D /* PBXTargetDependency */ = {
			isa = PBXTargetDependency;
			target = 07D9287419CD20F8002FF0A0 /* ScreenOut */;
			targetProxy = 07E8727F19D525DA00FDE23D /* PBXContainerItemProxy */;
		};
		209190A21CAB015200FD33D8 /* PBXTargetDependency */ = {
			isa = PBXTargetDependency;
			name = AirshipKit;
			targetProxy = 209190A11CAB015200FD33D8 /* PBXContainerItemProxy */;
		};
/* End PBXTargetDependency section */

/* Begin PBXVariantGroup section */
		07D9287E19CD20F8002FF0A0 /* Main.storyboard */ = {
			isa = PBXVariantGroup;
			children = (
				07D9287F19CD20F8002FF0A0 /* Base */,
			);
			name = Main.storyboard;
			sourceTree = "<group>";
		};
/* End PBXVariantGroup section */

/* Begin XCBuildConfiguration section */
		07D9288F19CD20F8002FF0A0 /* Debug */ = {
			isa = XCBuildConfiguration;
			buildSettings = {
				ALWAYS_SEARCH_USER_PATHS = NO;
				CLANG_CXX_LANGUAGE_STANDARD = "gnu++0x";
				CLANG_CXX_LIBRARY = "libc++";
				CLANG_ENABLE_MODULES = YES;
				CLANG_ENABLE_OBJC_ARC = YES;
				CLANG_WARN_BOOL_CONVERSION = YES;
				CLANG_WARN_CONSTANT_CONVERSION = YES;
				CLANG_WARN_DIRECT_OBJC_ISA_USAGE = YES_ERROR;
				CLANG_WARN_EMPTY_BODY = YES;
				CLANG_WARN_ENUM_CONVERSION = YES;
				CLANG_WARN_INT_CONVERSION = YES;
				CLANG_WARN_OBJC_ROOT_CLASS = YES_ERROR;
				CLANG_WARN_UNREACHABLE_CODE = YES;
				CLANG_WARN__DUPLICATE_METHOD_MATCH = YES;
				"CODE_SIGN_IDENTITY[sdk=iphoneos*]" = "iPhone Developer";
				COPY_PHASE_STRIP = NO;
				ENABLE_STRICT_OBJC_MSGSEND = YES;
				GCC_C_LANGUAGE_STANDARD = gnu99;
				GCC_DYNAMIC_NO_PIC = NO;
				GCC_OPTIMIZATION_LEVEL = 0;
				GCC_PREPROCESSOR_DEFINITIONS = (
					"DEBUG=1",
					"$(inherited)",
				);
				GCC_SYMBOLS_PRIVATE_EXTERN = NO;
				GCC_WARN_64_TO_32_BIT_CONVERSION = YES;
				GCC_WARN_ABOUT_RETURN_TYPE = YES_ERROR;
				GCC_WARN_UNDECLARED_SELECTOR = YES;
				GCC_WARN_UNINITIALIZED_AUTOS = YES_AGGRESSIVE;
				GCC_WARN_UNUSED_FUNCTION = YES;
				GCC_WARN_UNUSED_VARIABLE = YES;
				IPHONEOS_DEPLOYMENT_TARGET = 8.0;
				MTL_ENABLE_DEBUG_INFO = YES;
				ONLY_ACTIVE_ARCH = YES;
				SDKROOT = iphoneos;
				SWIFT_OPTIMIZATION_LEVEL = "-Onone";
				TARGETED_DEVICE_FAMILY = "1,2";
			};
			name = Debug;
		};
		07D9289019CD20F8002FF0A0 /* Release */ = {
			isa = XCBuildConfiguration;
			buildSettings = {
				ALWAYS_SEARCH_USER_PATHS = NO;
				CLANG_CXX_LANGUAGE_STANDARD = "gnu++0x";
				CLANG_CXX_LIBRARY = "libc++";
				CLANG_ENABLE_MODULES = YES;
				CLANG_ENABLE_OBJC_ARC = YES;
				CLANG_WARN_BOOL_CONVERSION = YES;
				CLANG_WARN_CONSTANT_CONVERSION = YES;
				CLANG_WARN_DIRECT_OBJC_ISA_USAGE = YES_ERROR;
				CLANG_WARN_EMPTY_BODY = YES;
				CLANG_WARN_ENUM_CONVERSION = YES;
				CLANG_WARN_INT_CONVERSION = YES;
				CLANG_WARN_OBJC_ROOT_CLASS = YES_ERROR;
				CLANG_WARN_UNREACHABLE_CODE = YES;
				CLANG_WARN__DUPLICATE_METHOD_MATCH = YES;
				"CODE_SIGN_IDENTITY[sdk=iphoneos*]" = "iPhone Developer";
				COPY_PHASE_STRIP = YES;
				ENABLE_NS_ASSERTIONS = NO;
				ENABLE_STRICT_OBJC_MSGSEND = YES;
				GCC_C_LANGUAGE_STANDARD = gnu99;
				GCC_WARN_64_TO_32_BIT_CONVERSION = YES;
				GCC_WARN_ABOUT_RETURN_TYPE = YES_ERROR;
				GCC_WARN_UNDECLARED_SELECTOR = YES;
				GCC_WARN_UNINITIALIZED_AUTOS = YES_AGGRESSIVE;
				GCC_WARN_UNUSED_FUNCTION = YES;
				GCC_WARN_UNUSED_VARIABLE = YES;
				IPHONEOS_DEPLOYMENT_TARGET = 8.0;
				MTL_ENABLE_DEBUG_INFO = NO;
				SDKROOT = iphoneos;
				TARGETED_DEVICE_FAMILY = "1,2";
				VALIDATE_PRODUCT = YES;
			};
			name = Release;
		};
		07D9289219CD20F8002FF0A0 /* Debug */ = {
			isa = XCBuildConfiguration;
			buildSettings = {
				ASSETCATALOG_COMPILER_APPICON_NAME = AppIcon;
				CODE_SIGN_IDENTITY = "iPhone Developer";
				"CODE_SIGN_IDENTITY[sdk=iphoneos*]" = "iPhone Developer";
				EMBEDDED_CONTENT_CONTAINS_SWIFT = YES;
				INFOPLIST_FILE = ScreenOut/Info.plist;
				IPHONEOS_DEPLOYMENT_TARGET = 8.0;
				LD_RUNPATH_SEARCH_PATHS = "$(inherited) @executable_path/Frameworks";
				OTHER_SWIFT_FLAGS = "-D DEBUG";
				PRODUCT_BUNDLE_IDENTIFIER = com.datadesignsystems.ScreenOutDevelopmentGPS;
				PRODUCT_NAME = "$(TARGET_NAME)";
				PROVISIONING_PROFILE = "";
				SWIFT_OBJC_BRIDGING_HEADER = "ScreenOut/Screenout-Bridging-Header.h";
				TARGETED_DEVICE_FAMILY = "1,2";
			};
			name = Debug;
		};
		07D9289319CD20F8002FF0A0 /* Release */ = {
			isa = XCBuildConfiguration;
			buildSettings = {
				ASSETCATALOG_COMPILER_APPICON_NAME = AppIcon;
				CODE_SIGN_IDENTITY = "iPhone Distribution: Bradley Amster (44F59823Z6)";
				"CODE_SIGN_IDENTITY[sdk=iphoneos*]" = "iPhone Distribution: Bradley Amster (44F59823Z6)";
				COPY_PHASE_STRIP = NO;
				EMBEDDED_CONTENT_CONTAINS_SWIFT = YES;
				INFOPLIST_FILE = ScreenOut/Info.plist;
				IPHONEOS_DEPLOYMENT_TARGET = 8.0;
				LD_RUNPATH_SEARCH_PATHS = "$(inherited) @executable_path/Frameworks";
				PRODUCT_BUNDLE_IDENTIFIER = com.datadesignsystems.ScreenOutDevelopmentGPS;
				PRODUCT_NAME = "$(TARGET_NAME)";
				PROVISIONING_PROFILE = "ad5d179f-3f35-40a0-b0e7-8232e8a9324d";
				SWIFT_OBJC_BRIDGING_HEADER = "ScreenOut/Screenout-Bridging-Header.h";
				TARGETED_DEVICE_FAMILY = "1,2";
			};
			name = Release;
		};
		07D9289519CD20F8002FF0A0 /* Debug */ = {
			isa = XCBuildConfiguration;
			buildSettings = {
				BUNDLE_LOADER = "$(TEST_HOST)";
				FRAMEWORK_SEARCH_PATHS = (
					"$(SDKROOT)/Developer/Library/Frameworks",
					"$(inherited)",
				);
				GCC_PREPROCESSOR_DEFINITIONS = (
					"DEBUG=1",
					"$(inherited)",
				);
				INFOPLIST_FILE = ScreenOutTests/Info.plist;
				LD_RUNPATH_SEARCH_PATHS = "$(inherited) @executable_path/Frameworks @loader_path/Frameworks";
				PRODUCT_NAME = "$(TARGET_NAME)";
				TEST_HOST = "$(BUILT_PRODUCTS_DIR)/ScreenOut.app/ScreenOut";
			};
			name = Debug;
		};
		07D9289619CD20F8002FF0A0 /* Release */ = {
			isa = XCBuildConfiguration;
			buildSettings = {
				BUNDLE_LOADER = "$(TEST_HOST)";
				FRAMEWORK_SEARCH_PATHS = (
					"$(SDKROOT)/Developer/Library/Frameworks",
					"$(inherited)",
				);
				INFOPLIST_FILE = ScreenOutTests/Info.plist;
				LD_RUNPATH_SEARCH_PATHS = "$(inherited) @executable_path/Frameworks @loader_path/Frameworks";
				PRODUCT_NAME = "$(TARGET_NAME)";
				TEST_HOST = "$(BUILT_PRODUCTS_DIR)/ScreenOut.app/ScreenOut";
			};
			name = Release;
		};
		07E8728D19D525DA00FDE23D /* Debug */ = {
			isa = XCBuildConfiguration;
			buildSettings = {
				CLANG_ENABLE_MODULES = YES;
				CODE_SIGN_IDENTITY = "iPhone Developer";
				"CODE_SIGN_IDENTITY[sdk=iphoneos*]" = "iPhone Developer";
				CURRENT_PROJECT_VERSION = 1;
				DEFINES_MODULE = YES;
				DYLIB_COMPATIBILITY_VERSION = 1;
				DYLIB_CURRENT_VERSION = 1;
				DYLIB_INSTALL_NAME_BASE = "@rpath";
				EMBEDDED_CONTENT_CONTAINS_SWIFT = YES;
				GCC_PREPROCESSOR_DEFINITIONS = (
					"DEBUG=1",
					"$(inherited)",
				);
				INFOPLIST_FILE = ScreenOutKit/Info.plist;
				INSTALL_PATH = "$(LOCAL_LIBRARY_DIR)/Frameworks";
				LD_RUNPATH_SEARCH_PATHS = "$(inherited) @executable_path/Frameworks @loader_path/Frameworks";
				PRODUCT_NAME = "$(TARGET_NAME)";
				SKIP_INSTALL = YES;
				SWIFT_OPTIMIZATION_LEVEL = "-Onone";
				VERSIONING_SYSTEM = "apple-generic";
				VERSION_INFO_PREFIX = "";
			};
			name = Debug;
		};
		07E8728E19D525DA00FDE23D /* Release */ = {
			isa = XCBuildConfiguration;
			buildSettings = {
				CLANG_ENABLE_MODULES = YES;
				CODE_SIGN_IDENTITY = "iPhone Developer";
				"CODE_SIGN_IDENTITY[sdk=iphoneos*]" = "iPhone Developer";
				CURRENT_PROJECT_VERSION = 1;
				DEFINES_MODULE = YES;
				DYLIB_COMPATIBILITY_VERSION = 1;
				DYLIB_CURRENT_VERSION = 1;
				DYLIB_INSTALL_NAME_BASE = "@rpath";
				EMBEDDED_CONTENT_CONTAINS_SWIFT = YES;
				INFOPLIST_FILE = ScreenOutKit/Info.plist;
				INSTALL_PATH = "$(LOCAL_LIBRARY_DIR)/Frameworks";
				LD_RUNPATH_SEARCH_PATHS = "$(inherited) @executable_path/Frameworks @loader_path/Frameworks";
				PRODUCT_NAME = "$(TARGET_NAME)";
				SKIP_INSTALL = YES;
				VERSIONING_SYSTEM = "apple-generic";
				VERSION_INFO_PREFIX = "";
			};
			name = Release;
		};
		07E8729019D525DA00FDE23D /* Debug */ = {
			isa = XCBuildConfiguration;
			buildSettings = {
				FRAMEWORK_SEARCH_PATHS = (
					"$(SDKROOT)/Developer/Library/Frameworks",
					"$(inherited)",
				);
				GCC_PREPROCESSOR_DEFINITIONS = (
					"DEBUG=1",
					"$(inherited)",
				);
				INFOPLIST_FILE = ScreenOutKitTests/Info.plist;
				LD_RUNPATH_SEARCH_PATHS = "$(inherited) @executable_path/Frameworks @loader_path/Frameworks";
				PRODUCT_NAME = "$(TARGET_NAME)";
				TEST_HOST = "$(BUILT_PRODUCTS_DIR)/ScreenOut.app/ScreenOut";
			};
			name = Debug;
		};
		07E8729119D525DA00FDE23D /* Release */ = {
			isa = XCBuildConfiguration;
			buildSettings = {
				FRAMEWORK_SEARCH_PATHS = (
					"$(SDKROOT)/Developer/Library/Frameworks",
					"$(inherited)",
				);
				INFOPLIST_FILE = ScreenOutKitTests/Info.plist;
				LD_RUNPATH_SEARCH_PATHS = "$(inherited) @executable_path/Frameworks @loader_path/Frameworks";
				PRODUCT_NAME = "$(TARGET_NAME)";
				TEST_HOST = "$(BUILT_PRODUCTS_DIR)/ScreenOut.app/ScreenOut";
			};
			name = Release;
		};
/* End XCBuildConfiguration section */

/* Begin XCConfigurationList section */
		07D9287019CD20F8002FF0A0 /* Build configuration list for PBXProject "ScreenOut" */ = {
			isa = XCConfigurationList;
			buildConfigurations = (
				07D9288F19CD20F8002FF0A0 /* Debug */,
				07D9289019CD20F8002FF0A0 /* Release */,
			);
			defaultConfigurationIsVisible = 0;
			defaultConfigurationName = Release;
		};
		07D9289119CD20F8002FF0A0 /* Build configuration list for PBXNativeTarget "ScreenOut" */ = {
			isa = XCConfigurationList;
			buildConfigurations = (
				07D9289219CD20F8002FF0A0 /* Debug */,
				07D9289319CD20F8002FF0A0 /* Release */,
			);
			defaultConfigurationIsVisible = 0;
			defaultConfigurationName = Release;
		};
		07D9289419CD20F8002FF0A0 /* Build configuration list for PBXNativeTarget "ScreenOutTests" */ = {
			isa = XCConfigurationList;
			buildConfigurations = (
				07D9289519CD20F8002FF0A0 /* Debug */,
				07D9289619CD20F8002FF0A0 /* Release */,
			);
			defaultConfigurationIsVisible = 0;
			defaultConfigurationName = Release;
		};
		07E8728C19D525DA00FDE23D /* Build configuration list for PBXNativeTarget "ScreenOutKit" */ = {
			isa = XCConfigurationList;
			buildConfigurations = (
				07E8728D19D525DA00FDE23D /* Debug */,
				07E8728E19D525DA00FDE23D /* Release */,
			);
			defaultConfigurationIsVisible = 0;
			defaultConfigurationName = Release;
		};
		07E8728F19D525DA00FDE23D /* Build configuration list for PBXNativeTarget "ScreenOutKitTests" */ = {
			isa = XCConfigurationList;
			buildConfigurations = (
				07E8729019D525DA00FDE23D /* Debug */,
				07E8729119D525DA00FDE23D /* Release */,
			);
			defaultConfigurationIsVisible = 0;
			defaultConfigurationName = Release;
		};
/* End XCConfigurationList section */
	};
	rootObject = 07D9286D19CD20F8002FF0A0 /* Project object */;
}
